Microsoft Visual Studio Solution File, Format Version 11.00
# Visual Studio 2008

Project("{5E77DA4F-1ABF-8A87-8877-A8C7F9DFB710}") = "MyFirstBallGame", "Assembly-CSharp-vs.csproj", "{9B42E925-173F-BE14-4085-6B7EE74C17FA}"
EndProject
Global
	GlobalSection(SolutionConfigurationPlatforms) = preSolution
		Debug|Any CPU = Debug|Any CPU
		Release|Any CPU = Release|Any CPU
	EndGlobalSection
	GlobalSection(ProjectConfigurationPlatforms) = postSolution
		{9B42E925-173F-BE14-4085-6B7EE74C17FA}.Debug|Any CPU.ActiveCfg = Debug|Any CPU
		{9B42E925-173F-BE14-4085-6B7EE74C17FA}.Debug|Any CPU.Build.0 = Debug|Any CPU
		{9B42E925-173F-BE14-4085-6B7EE74C17FA}.Release|Any CPU.ActiveCfg = Release|Any CPU
		{9B42E925-173F-BE14-4085-6B7EE74C17FA}.Release|Any CPU.Build.0 = Release|Any CPU
	EndGlobalSection
	GlobalSection(SolutionProperties) = preSolution
		HideSolutionNode = FALSE
	EndGlobalSection
				GlobalSection(MonoDevelopProperties) = preSolution
		StartupItem = Assembly-CSharp.csproj
		Policies = $0
		$0.TextStylePolicy = $1
		$1.inheritsSet = null
		$1.scope = text/x-csharp
		$0.CSharpFormattingPolicy = $2
		$2.inheritsSet = Mono
		$2.inheritsScope = text/x-csharp
		$2.scope = text/x-csharp
		$0.TextStylePolicy = $3
		$3.FileWidth = 120
		$3.TabWidth = 4
		$3.IndentWidth = 4
		$3.EolMarker = Unix
		$3.inheritsSet = Mono
		$3.inheritsScope = text/plain
		$3.scope = text/plain
	EndGlobalSection

EndGlobal
